
Microsoft Visual Studio Solution File, Format Version 12.00
# Visual Studio Version 17
VisualStudioVersion = 17.7.34031.279
MinimumVisualStudioVersion = 10.0.40219.1
Project("{FAE04EC0-301F-11D3-BF4B-00C04F79EFBC}") = "SupportForum", "SupportForum\SupportForum.csproj", "{3D65DBBE-325D-413C-B69A-31A496F99EEC}"
EndProject
Global
	GlobalSection(SolutionConfigurationPlatforms) = preSolution
		Debug|Any CPU = Debug|Any CPU
		Release|Any CPU = Release|Any CPU
	EndGlobalSection
	GlobalSection(ProjectConfigurationPlatforms) = postSolution
		{3D65DBBE-325D-413C-B69A-31A496F99EEC}.Debug|Any CPU.ActiveCfg = Debug|Any CPU
		{3D65DBBE-325D-413C-B69A-31A496F99EEC}.Debug|Any CPU.Build.0 = Debug|Any CPU
		{3D65DBBE-325D-413C-B69A-31A496F99EEC}.Release|Any CPU.ActiveCfg = Release|Any CPU
		{3D65DBBE-325D-413C-B69A-31A496F99EEC}.Release|Any CPU.Build.0 = Release|Any CPU
	EndGlobalSection
	GlobalSection(SolutionProperties) = preSolution
		HideSolutionNode = FALSE
	EndGlobalSection
	GlobalSection(ExtensibilityGlobals) = postSolution
		SolutionGuid = {F56CDBB2-2E60-4DBC-A55F-09BE156FDE07}
	EndGlobalSection
EndGlobal
